
Microsoft Visual Studio Solution File, Format Version 12.00
# Visual Studio Version 17
VisualStudioVersion = 17.4.33213.308
MinimumVisualStudioVersion = 10.0.40219.1
Project("{888888A0-9F3D-457C-B088-3A5042F75D52}") = "MGR-EDIT", "MGR-EDIT.pyproj", "{654701A5-3E37-4554-98E7-AE8A21A94E12}"
EndProject
Global
	GlobalSection(SolutionConfigurationPlatforms) = preSolution
		Debug|Any CPU = Debug|Any CPU
		Release|Any CPU = Release|Any CPU
	EndGlobalSection
	GlobalSection(ProjectConfigurationPlatforms) = postSolution
		{654701A5-3E37-4554-98E7-AE8A21A94E12}.Debug|Any CPU.ActiveCfg = Debug|Any CPU
		{654701A5-3E37-4554-98E7-AE8A21A94E12}.Release|Any CPU.ActiveCfg = Release|Any CPU
	EndGlobalSection
	GlobalSection(SolutionProperties) = preSolution
		HideSolutionNode = FALSE
	EndGlobalSection
	GlobalSection(ExtensibilityGlobals) = postSolution
		SolutionGuid = {30EA2905-CB3C-4748-8A9F-782D5D8CB7D6}
	EndGlobalSection
EndGlobal
